// !$*UTF8*$!
{
	archiveVersion = 1;
	classes = {
	};
	objectVersion = 50;
	objects = {

/* Begin PBXBuildFile section */
		24083ADC26EE5A8C00E040FD /* AppDelegate.swift in Sources */ = {isa = PBXBuildFile; fileRef = 24083ADB26EE5A8C00E040FD /* AppDelegate.swift */; };
		24083ADE26EE5A8C00E040FD /* SceneDelegate.swift in Sources */ = {isa = PBXBuildFile; fileRef = 24083ADD26EE5A8C00E040FD /* SceneDelegate.swift */; };
		24083AE026EE5A8C00E040FD /* ViewController.swift in Sources */ = {isa = PBXBuildFile; fileRef = 24083ADF26EE5A8C00E040FD /* ViewController.swift */; };
		24083AE326EE5A8C00E040FD /* Main.storyboard in Resources */ = {isa = PBXBuildFile; fileRef = 24083AE126EE5A8C00E040FD /* Main.storyboard */; };
		24083AE526EE5A9000E040FD /* Assets.xcassets in Resources */ = {isa = PBXBuildFile; fileRef = 24083AE426EE5A9000E040FD /* Assets.xcassets */; };
		24083AE826EE5A9000E040FD /* LaunchScreen.storyboard in Resources */ = {isa = PBXBuildFile; fileRef = 24083AE626EE5A9000E040FD /* LaunchScreen.storyboard */; };
		2475F3A1272854BB00A095FF /* Sky-HD.jpg in Resources */ = {isa = PBXBuildFile; fileRef = 2475F3A0272854BB00A095FF /* Sky-HD.jpg */; };
/* End PBXBuildFile section */

/* Begin PBXFileReference section */
		24083AD826EE5A8C00E040FD /* MeuPrimeiroProjeto.app */ = {isa = PBXFileReference; explicitFileType = wrapper.application; includeInIndex = 0; path = MeuPrimeiroProjeto.app; sourceTree = BUILT_PRODUCTS_DIR; };
		24083ADB26EE5A8C00E040FD /* AppDelegate.swift */ = {isa = PBXFileReference; lastKnownFileType = sourcecode.swift; path = AppDelegate.swift; sourceTree = "<group>"; };
		24083ADD26EE5A8C00E040FD /* SceneDelegate.swift */ = {isa = PBXFileReference; lastKnownFileType = sourcecode.swift; path = SceneDelegate.swift; sourceTree = "<group>"; };
		24083ADF26EE5A8C00E040FD /* ViewController.swift */ = {isa = PBXFileReference; lastKnownFileType = sourcecode.swift; path = ViewController.swift; sourceTree = "<group>"; };
		24083AE226EE5A8C00E040FD /* Base */ = {isa = PBXFileReference; lastKnownFileType = file.storyboard; name = Base; path = Base.lproj/Main.storyboard; sourceTree = "<group>"; };
		24083AE426EE5A9000E040FD /* Assets.xcassets */ = {isa = PBXFileReference; lastKnownFileType = folder.assetcatalog; path = Assets.xcassets; sourceTree = "<group>"; };
		24083AE726EE5A9000E040FD /* Base */ = {isa = PBXFileReference; lastKnownFileType = file.storyboard; name = Base; path = Base.lproj/LaunchScreen.storyboard; sourceTree = "<group>"; };
		24083AE926EE5A9000E040FD /* Info.plist */ = {isa = PBXFileReference; lastKnownFileType = text.plist.xml; path = Info.plist; sourceTree = "<group>"; };
		2475F3A0272854BB00A095FF /* Sky-HD.jpg */ = {isa = PBXFileReference; lastKnownFileType = image.jpeg; path = "Sky-HD.jpg"; sourceTree = "<group>"; };
/* End PBXFileReference section */

/* Begin PBXFrameworksBuildPhase section */
		24083AD526EE5A8C00E040FD /* Frameworks */ = {
			isa = PBXFrameworksBuildPhase;
			buildActionMask = 2147483647;
			files = (
			);
			runOnlyForDeploymentPostprocessing = 0;
		};
/* End PBXFrameworksBuildPhase section */

/* Begin PBXGroup section */
		24083ACF26EE5A8C00E040FD = {
			isa = PBXGroup;
			children = (
				24083ADA26EE5A8C00E040FD /* MeuPrimeiroProjeto */,
				24083AD926EE5A8C00E040FD /* Products */,
			);
			sourceTree = "<group>";
		};
		24083AD926EE5A8C00E040FD /* Products */ = {
			isa = PBXGroup;
			children = (
				24083AD826EE5A8C00E040FD /* MeuPrimeiroProjeto.app */,
			);
			name = Products;
			sourceTree = "<group>";
		};
		24083ADA26EE5A8C00E040FD /* MeuPrimeiroProjeto */ = {
			isa = PBXGroup;
			children = (
				24083ADB26EE5A8C00E040FD /* AppDelegate.swift */,
				24083ADD26EE5A8C00E040FD /* SceneDelegate.swift */,
				24083ADF26EE5A8C00E040FD /* ViewController.swift */,
				24083AE126EE5A8C00E040FD /* Main.storyboard */,
				24083AE426EE5A9000E040FD /* Assets.xcassets */,
				24083AE626EE5A9000E040FD /* LaunchScreen.storyboard */,
				24083AE926EE5A9000E040FD /* Info.plist */,
				2475F3A0272854BB00A095FF /* Sky-HD.jpg */,
			);
			path = MeuPrimeiroProjeto;
			sourceTree = "<group>";
		};
/* End PBXGroup section */

/* Begin PBXNativeTarget section */
		24083AD726EE5A8C00E040FD /* MeuPrimeiroProjeto */ = {
			isa = PBXNativeTarget;
			buildConfigurationList = 24083AEC26EE5A9000E040FD /* Build configuration list for PBXNativeTarget "MeuPrimeiroProjeto" */;
			buildPhases = (
				24083AD426EE5A8C00E040FD /* Sources */,
				24083AD526EE5A8C00E040FD /* Frameworks */,
				24083AD626EE5A8C00E040FD /* Resources */,
			);
			buildRules = (
			);
			dependencies = (
			);
			name = MeuPrimeiroProjeto;
			productName = MeuPrimeiroProjeto;
			productReference = 24083AD826EE5A8C00E040FD /* MeuPrimeiroProjeto.app */;
			productType = "com.apple.product-type.application";
		};
/* End PBXNativeTarget section */

/* Begin PBXProject section */
		24083AD026EE5A8C00E040FD /* Project object */ = {
			isa = PBXProject;
			attributes = {
				LastSwiftUpdateCheck = 1250;
				LastUpgradeCheck = 1250;
				TargetAttributes = {
					24083AD726EE5A8C00E040FD = {
						CreatedOnToolsVersion = 12.5.1;
					};
				};
			};
			buildConfigurationList = 24083AD326EE5A8C00E040FD /* Build configuration list for PBXProject "MeuPrimeiroProjeto" */;
			compatibilityVersion = "Xcode 9.3";
			developmentRegion = en;
			hasScannedForEncodings = 0;
			knownRegions = (
				en,
				Base,
			);
			mainGroup = 24083ACF26EE5A8C00E040FD;
			productRefGroup = 24083AD926EE5A8C00E040FD /* Products */;
			projectDirPath = "";
			projectRoot = "";
			targets = (
				24083AD726EE5A8C00E040FD /* MeuPrimeiroProjeto */,
			);
		};
/* End PBXProject section */

/* Begin PBXResourcesBuildPhase section */
		24083AD626EE5A8C00E040FD /* Resources */ = {
			isa = PBXResourcesBuildPhase;
			buildActionMask = 2147483647;
			files = (
				24083AE826EE5A9000E040FD /* LaunchScreen.storyboard in Resources */,
				2475F3A1272854BB00A095FF /* Sky-HD.jpg in Resources */,
				24083AE526EE5A9000E040FD /* Assets.xcassets in Resources */,
				24083AE326EE5A8C00E040FD /* Main.storyboard in Resources */,
			);
			runOnlyForDeploymentPostprocessing = 0;
		};
/* End PBXResourcesBuildPhase section */

/* Begin PBXSourcesBuildPhase section */
		24083AD426EE5A8C00E040FD /* Sources */ = {
			isa = PBXSourcesBuildPhase;
			buildActionMask = 2147483647;
			files = (
				24083AE026EE5A8C00E040FD /* ViewController.swift in Sources */,
				24083ADC26EE5A8C00E040FD /* AppDelegate.swift in Sources */,
				24083ADE26EE5A8C00E040FD /* SceneDelegate.swift in Sources */,
			);
			runOnlyForDeploymentPostprocessing = 0;
		};
/* End PBXSourcesBuildPhase section */

/* Begin PBXVariantGroup section */
		24083AE126EE5A8C00E040FD /* Main.storyboard */ = {
			isa = PBXVariantGroup;
			children = (
				24083AE226EE5A8C00E040FD /* Base */,
			);
			name = Main.storyboard;
			sourceTree = "<group>";
		};
		24083AE626EE5A9000E040FD /* LaunchScreen.storyboard */ = {
			isa = PBXVariantGroup;
			children = (
				24083AE726EE5A9000E040FD /* Base */,
			);
			name = LaunchScreen.storyboard;
			sourceTree = "<group>";
		};
/* End PBXVariantGroup section */

/* Begin XCBuildConfiguration section */
		24083AEA26EE5A9000E040FD /* Debug */ = {
			isa = XCBuildConfiguration;
			buildSettings = {
				ALWAYS_SEARCH_USER_PATHS = NO;
				CLANG_ANALYZER_NONNULL = YES;
				CLANG_ANALYZER_NUMBER_OBJECT_CONVERSION = YES_AGGRESSIVE;
				CLANG_CXX_LANGUAGE_STANDARD = "gnu++14";
				CLANG_CXX_LIBRARY = "libc++";
				CLANG_ENABLE_MODULES = YES;
				CLANG_ENABLE_OBJC_ARC = YES;
				CLANG_ENABLE_OBJC_WEAK = YES;
				CLANG_WARN_BLOCK_CAPTURE_AUTORELEASING = YES;
				CLANG_WARN_BOOL_CONVERSION = YES;
				CLANG_WARN_COMMA = YES;
				CLANG_WARN_CONSTANT_CONVERSION = YES;
				CLANG_WARN_DEPRECATED_OBJC_IMPLEMENTATIONS = YES;
				CLANG_WARN_DIRECT_OBJC_ISA_USAGE = YES_ERROR;
				CLANG_WARN_DOCUMENTATION_COMMENTS = YES;
				CLANG_WARN_EMPTY_BODY = YES;
				CLANG_WARN_ENUM_CONVERSION = YES;
				CLANG_WARN_INFINITE_RECURSION = YES;
				CLANG_WARN_INT_CONVERSION = YES;
				CLANG_WARN_NON_LITERAL_NULL_CONVERSION = YES;
				CLANG_WARN_OBJC_IMPLICIT_RETAIN_SELF = YES;
				CLANG_WARN_OBJC_LITERAL_CONVERSION = YES;
				CLANG_WARN_OBJC_ROOT_CLASS = YES_ERROR;
				CLANG_WARN_QUOTED_INCLUDE_IN_FRAMEWORK_HEADER = YES;
				CLANG_WARN_RANGE_LOOP_ANALYSIS = YES;
				CLANG_WARN_STRICT_PROTOTYPES = YES;
				CLANG_WARN_SUSPICIOUS_MOVE = YES;
				CLANG_WARN_UNGUARDED_AVAILABILITY = YES_AGGRESSIVE;
				CLANG_WARN_UNREACHABLE_CODE = YES;
				CLANG_WARN__DUPLICATE_METHOD_MATCH = YES;
				COPY_PHASE_STRIP = NO;
				DEBUG_INFORMATION_FORMAT = dwarf;
				ENABLE_STRICT_OBJC_MSGSEND = YES;
				ENABLE_TESTABILITY = YES;
				GCC_C_LANGUAGE_STANDARD = gnu11;
				GCC_DYNAMIC_NO_PIC = NO;
				GCC_NO_COMMON_BLOCKS = YES;
				GCC_OPTIMIZATION_LEVEL = 0;
				GCC_PREPROCESSOR_DEFINITIONS = (
					"DEBUG=1",
					"$(inherited)",
				);
				GCC_WARN_64_TO_32_BIT_CONVERSION = YES;
				GCC_WARN_ABOUT_RETURN_TYPE = YES_ERROR;
				GCC_WARN_UNDECLARED_SELECTOR = YES;
				GCC_WARN_UNINITIALIZED_AUTOS = YES_AGGRESSIVE;
				GCC_WARN_UNUSED_FUNCTION = YES;
				GCC_WARN_UNUSED_VARIABLE = YES;
				IPHONEOS_DEPLOYMENT_TARGET = 14.5;
				MTL_ENABLE_DEBUG_INFO = INCLUDE_SOURCE;
				MTL_FAST_MATH = YES;
				ONLY_ACTIVE_ARCH = YES;
				SDKROOT = iphoneos;
				SWIFT_ACTIVE_COMPILATION_CONDITIONS = DEBUG;
				SWIFT_OPTIMIZATION_LEVEL = "-Onone";
			};
			name = Debug;
		};
		24083AEB26EE5A9000E040FD /* Release */ = {
			isa = XCBuildConfiguration;
			buildSettings = {
				ALWAYS_SEARCH_USER_PATHS = NO;
				CLANG_ANALYZER_NONNULL = YES;
				CLANG_ANALYZER_NUMBER_OBJECT_CONVERSION = YES_AGGRESSIVE;
				CLANG_CXX_LANGUAGE_STANDARD = "gnu++14";
				CLANG_CXX_LIBRARY = "libc++";
				CLANG_ENABLE_MODULES = YES;
				CLANG_ENABLE_OBJC_ARC = YES;
				CLANG_ENABLE_OBJC_WEAK = YES;
				CLANG_WARN_BLOCK_CAPTURE_AUTORELEASING = YES;
				CLANG_WARN_BOOL_CONVERSION = YES;
				CLANG_WARN_COMMA = YES;
				CLANG_WARN_CONSTANT_CONVERSION = YES;
				CLANG_WARN_DEPRECATED_OBJC_IMPLEMENTATIONS = YES;
				CLANG_WARN_DIRECT_OBJC_ISA_USAGE = YES_ERROR;
				CLANG_WARN_DOCUMENTATION_COMMENTS = YES;
				CLANG_WARN_EMPTY_BODY = YES;
				CLANG_WARN_ENUM_CONVERSION = YES;
				CLANG_WARN_INFINITE_RECURSION = YES;
				CLANG_WARN_INT_CONVERSION = YES;
				CLANG_WARN_NON_LITERAL_NULL_CONVERSION = YES;
				CLANG_WARN_OBJC_IMPLICIT_RETAIN_SELF = YES;
				CLANG_WARN_OBJC_LITERAL_CONVERSION = YES;
				CLANG_WARN_OBJC_ROOT_CLASS = YES_ERROR;
				CLANG_WARN_QUOTED_INCLUDE_IN_FRAMEWORK_HEADER = YES;
				CLANG_WARN_RANGE_LOOP_ANALYSIS = YES;
				CLANG_WARN_STRICT_PROTOTYPES = YES;
				CLANG_WARN_SUSPICIOUS_MOVE = YES;
				CLANG_WARN_UNGUARDED_AVAILABILITY = YES_AGGRESSIVE;
				CLANG_WARN_UNREACHABLE_CODE = YES;
				CLANG_WARN__DUPLICATE_METHOD_MATCH = YES;
				COPY_PHASE_STRIP = NO;
				DEBUG_INFORMATION_FORMAT = "dwarf-with-dsym";
				ENABLE_NS_ASSERTIONS = NO;
				ENABLE_STRICT_OBJC_MSGSEND = YES;
				GCC_C_LANGUAGE_STANDARD = gnu11;
				GCC_NO_COMMON_BLOCKS = YES;
				GCC_WARN_64_TO_32_BIT_CONVERSION = YES;
				GCC_WARN_ABOUT_RETURN_TYPE = YES_ERROR;
				GCC_WARN_UNDECLARED_SELECTOR = YES;
				GCC_WARN_UNINITIALIZED_AUTOS = YES_AGGRESSIVE;
				GCC_WARN_UNUSED_FUNCTION = YES;
				GCC_WARN_UNUSED_VARIABLE = YES;
				IPHONEOS_DEPLOYMENT_TARGET = 14.5;
				MTL_ENABLE_DEBUG_INFO = NO;
				MTL_FAST_MATH = YES;
				SDKROOT = iphoneos;
				SWIFT_COMPILATION_MODE = wholemodule;
				SWIFT_OPTIMIZATION_LEVEL = "-O";
				VALIDATE_PRODUCT = YES;
			};
			name = Release;
		};
		24083AED26EE5A9000E040FD /* Debug */ = {
			isa = XCBuildConfiguration;
			buildSettings = {
				ASSETCATALOG_COMPILER_APPICON_NAME = AppIcon;
				ASSETCATALOG_COMPILER_GLOBAL_ACCENT_COLOR_NAME = AccentColor;
				CODE_SIGN_STYLE = Automatic;
				DEVELOPMENT_TEAM = C9T2J3X436;
				INFOPLIST_FILE = MeuPrimeiroProjeto/Info.plist;
				IPHONEOS_DEPLOYMENT_TARGET = 13.0;
				LD_RUNPATH_SEARCH_PATHS = (
					"$(inherited)",
					"@executable_path/Frameworks",
				);
				PRODUCT_BUNDLE_IDENTIFIER = com.brunomuriel.MeuPrimeiroProjeto;
				PRODUCT_NAME = "$(TARGET_NAME)";
				SWIFT_VERSION = 5.0;
				TARGETED_DEVICE_FAMILY = 1;
			};
			name = Debug;
		};
		24083AEE26EE5A9000E040FD /* Release */ = {
			isa = XCBuildConfiguration;
			buildSettings = {
				ASSETCATALOG_COMPILER_APPICON_NAME = AppIcon;
				ASSETCATALOG_COMPILER_GLOBAL_ACCENT_COLOR_NAME = AccentColor;
				CODE_SIGN_STYLE = Automatic;
				DEVELOPMENT_TEAM = C9T2J3X436;
				INFOPLIST_FILE = MeuPrimeiroProjeto/Info.plist;
				IPHONEOS_DEPLOYMENT_TARGET = 13.0;
				LD_RUNPATH_SEARCH_PATHS = (
					"$(inherited)",
					"@executable_path/Frameworks",
				);
				PRODUCT_BUNDLE_IDENTIFIER = com.brunomuriel.MeuPrimeiroProjeto;
				PRODUCT_NAME = "$(TARGET_NAME)";
				SWIFT_VERSION = 5.0;
				TARGETED_DEVICE_FAMILY = 1;
			};
			name = Release;
		};
/* End XCBuildConfiguration section */

/* Begin XCConfigurationList section */
		24083AD326EE5A8C00E040FD /* Build configuration list for PBXProject "MeuPrimeiroProjeto" */ = {
			isa = XCConfigurationList;
			buildConfigurations = (
				24083AEA26EE5A9000E040FD /* Debug */,
				24083AEB26EE5A9000E040FD /* Release */,
			);
			defaultConfigurationIsVisible = 0;
			defaultConfigurationName = Release;
		};
		24083AEC26EE5A9000E040FD /* Build configuration list for PBXNativeTarget "MeuPrimeiroProjeto" */ = {
			isa = XCConfigurationList;
			buildConfigurations = (
				24083AED26EE5A9000E040FD /* Debug */,
				24083AEE26EE5A9000E040FD /* Release */,
			);
			defaultConfigurationIsVisible = 0;
			defaultConfigurationName = Release;
		};
/* End XCConfigurationList section */
	};
	rootObject = 24083AD026EE5A8C00E040FD /* Project object */;
}
